
Microsoft Visual Studio Solution File, Format Version 12.00
# Visual Studio Version 16
VisualStudioVersion = 16.0.31515.178
MinimumVisualStudioVersion = 10.0.40219.1
Project("{FAE04EC0-301F-11D3-BF4B-00C04F79EFBC}") = "BowlingGame.Tests.Unit", "BowlingGame.Tests.Unit\BowlingGame.Tests.Unit.csproj", "{F3A8123B-BE9D-4FB6-827D-C3D5666182EF}"
EndProject
Project("{FAE04EC0-301F-11D3-BF4B-00C04F79EFBC}") = "BowlingGame", "BowlingGame\BowlingGame.csproj", "{DB55FA63-064D-4507-ACAA-FB02F975DFAF}"
EndProject
Global
	GlobalSection(SolutionConfigurationPlatforms) = preSolution
		Debug|Any CPU = Debug|Any CPU
		Release|Any CPU = Release|Any CPU
	EndGlobalSection
	GlobalSection(ProjectConfigurationPlatforms) = postSolution
		{F3A8123B-BE9D-4FB6-827D-C3D5666182EF}.Debug|Any CPU.ActiveCfg = Debug|Any CPU
		{F3A8123B-BE9D-4FB6-827D-C3D5666182EF}.Debug|Any CPU.Build.0 = Debug|Any CPU
		{F3A8123B-BE9D-4FB6-827D-C3D5666182EF}.Release|Any CPU.ActiveCfg = Release|Any CPU
		{F3A8123B-BE9D-4FB6-827D-C3D5666182EF}.Release|Any CPU.Build.0 = Release|Any CPU
		{DB55FA63-064D-4507-ACAA-FB02F975DFAF}.Debug|Any CPU.ActiveCfg = Debug|Any CPU
		{DB55FA63-064D-4507-ACAA-FB02F975DFAF}.Debug|Any CPU.Build.0 = Debug|Any CPU
		{DB55FA63-064D-4507-ACAA-FB02F975DFAF}.Release|Any CPU.ActiveCfg = Release|Any CPU
		{DB55FA63-064D-4507-ACAA-FB02F975DFAF}.Release|Any CPU.Build.0 = Release|Any CPU
	EndGlobalSection
	GlobalSection(SolutionProperties) = preSolution
		HideSolutionNode = FALSE
	EndGlobalSection
	GlobalSection(ExtensibilityGlobals) = postSolution
		SolutionGuid = {C3FDD473-F5EE-4B38-BA77-1D0C340FB2BB}
	EndGlobalSection
EndGlobal
